
Microsoft Visual Studio Solution File, Format Version 12.00
# Visual Studio 15
VisualStudioVersion = 15.0.28010.2048
MinimumVisualStudioVersion = 10.0.40219.1
Project("{FAE04EC0-301F-11D3-BF4B-00C04F79EFBC}") = "DashboardAccidentes", "DashboardAccidentes.csproj", "{C5BCDCAE-5067-4271-82D5-8486B2048415}"
EndProject
Global
	GlobalSection(SolutionConfigurationPlatforms) = preSolution
		Debug|Any CPU = Debug|Any CPU
		Release|Any CPU = Release|Any CPU
	EndGlobalSection
	GlobalSection(ProjectConfigurationPlatforms) = postSolution
		{C5BCDCAE-5067-4271-82D5-8486B2048415}.Debug|Any CPU.ActiveCfg = Debug|Any CPU
		{C5BCDCAE-5067-4271-82D5-8486B2048415}.Debug|Any CPU.Build.0 = Debug|Any CPU
		{C5BCDCAE-5067-4271-82D5-8486B2048415}.Release|Any CPU.ActiveCfg = Release|Any CPU
		{C5BCDCAE-5067-4271-82D5-8486B2048415}.Release|Any CPU.Build.0 = Release|Any CPU
	EndGlobalSection
	GlobalSection(SolutionProperties) = preSolution
		HideSolutionNode = FALSE
	EndGlobalSection
	GlobalSection(ExtensibilityGlobals) = postSolution
		SolutionGuid = {8A9FDB1F-05DA-40C0-BD17-36B435AF880C}
	EndGlobalSection
EndGlobal
